
Microsoft Visual Studio Solution File, Format Version 12.00
# Visual Studio Version 16
VisualStudioVersion = 16.0.30011.22
MinimumVisualStudioVersion = 10.0.40219.1
Project("{9A19103F-16F7-4668-BE54-9A1E7A4F7556}") = "Commerce.Api.Model", "Commerce.Api.Model.csproj", "{99D6344A-7832-43FB-82B8-63F34A7E55EF}"
EndProject
Project("{FAE04EC0-301F-11D3-BF4B-00C04F79EFBC}") = "Commerce.Api.Online", "..\Commerce.Api.Online\Commerce.Api.Online.csproj", "{99D90EBC-1875-4EC4-A937-6AF4B8C4D8B5}"
EndProject
Global
	GlobalSection(SolutionConfigurationPlatforms) = preSolution
		Debug|Any CPU = Debug|Any CPU
		Release|Any CPU = Release|Any CPU
	EndGlobalSection
	GlobalSection(ProjectConfigurationPlatforms) = postSolution
		{99D6344A-7832-43FB-82B8-63F34A7E55EF}.Debug|Any CPU.ActiveCfg = Debug|Any CPU
		{99D6344A-7832-43FB-82B8-63F34A7E55EF}.Debug|Any CPU.Build.0 = Debug|Any CPU
		{99D6344A-7832-43FB-82B8-63F34A7E55EF}.Release|Any CPU.ActiveCfg = Release|Any CPU
		{99D6344A-7832-43FB-82B8-63F34A7E55EF}.Release|Any CPU.Build.0 = Release|Any CPU
		{99D90EBC-1875-4EC4-A937-6AF4B8C4D8B5}.Debug|Any CPU.ActiveCfg = Debug|Any CPU
		{99D90EBC-1875-4EC4-A937-6AF4B8C4D8B5}.Debug|Any CPU.Build.0 = Debug|Any CPU
		{99D90EBC-1875-4EC4-A937-6AF4B8C4D8B5}.Release|Any CPU.ActiveCfg = Release|Any CPU
		{99D90EBC-1875-4EC4-A937-6AF4B8C4D8B5}.Release|Any CPU.Build.0 = Release|Any CPU
	EndGlobalSection
	GlobalSection(SolutionProperties) = preSolution
		HideSolutionNode = FALSE
	EndGlobalSection
	GlobalSection(ExtensibilityGlobals) = postSolution
		SolutionGuid = {59C7EE2C-F129-4E21-877C-01551D4CB8D9}
	EndGlobalSection
EndGlobal
